
Microsoft Visual Studio Solution File, Format Version 12.00
# Visual Studio Version 17
VisualStudioVersion = 17.14.36518.9
MinimumVisualStudioVersion = 10.0.40219.1
Project("{FAE04EC0-301F-11D3-BF4B-00C04F79EFBC}") = "MovieSytemManageMent", "MovieSytemManageMent\MovieSytemManageMent.csproj", "{D051CC57-82F6-4615-B357-663B175444BB}"
EndProject
Global
	GlobalSection(SolutionConfigurationPlatforms) = preSolution
		Debug|Any CPU = Debug|Any CPU
		Release|Any CPU = Release|Any CPU
	EndGlobalSection
	GlobalSection(ProjectConfigurationPlatforms) = postSolution
		{D051CC57-82F6-4615-B357-663B175444BB}.Debug|Any CPU.ActiveCfg = Debug|Any CPU
		{D051CC57-82F6-4615-B357-663B175444BB}.Debug|Any CPU.Build.0 = Debug|Any CPU
		{D051CC57-82F6-4615-B357-663B175444BB}.Release|Any CPU.ActiveCfg = Release|Any CPU
		{D051CC57-82F6-4615-B357-663B175444BB}.Release|Any CPU.Build.0 = Release|Any CPU
	EndGlobalSection
	GlobalSection(SolutionProperties) = preSolution
		HideSolutionNode = FALSE
	EndGlobalSection
	GlobalSection(ExtensibilityGlobals) = postSolution
		SolutionGuid = {938CF062-84E6-49EF-B5C4-27005C11B4BF}
	EndGlobalSection
EndGlobal
